
Microsoft Visual Studio Solution File, Format Version 12.00
# Visual Studio Version 17
VisualStudioVersion = 17.14.36327.8 d17.14
MinimumVisualStudioVersion = 10.0.40219.1
Project("{FAE04EC0-301F-11D3-BF4B-00C04F79EFBC}") = "State _Management_Web_form", "State _Management_Web_form\State _Management_Web_form.csproj", "{92C94277-3B37-41E4-95CA-840EC7AC27FE}"
EndProject
Global
	GlobalSection(SolutionConfigurationPlatforms) = preSolution
		Debug|Any CPU = Debug|Any CPU
		Release|Any CPU = Release|Any CPU
	EndGlobalSection
	GlobalSection(ProjectConfigurationPlatforms) = postSolution
		{92C94277-3B37-41E4-95CA-840EC7AC27FE}.Debug|Any CPU.ActiveCfg = Debug|Any CPU
		{92C94277-3B37-41E4-95CA-840EC7AC27FE}.Debug|Any CPU.Build.0 = Debug|Any CPU
		{92C94277-3B37-41E4-95CA-840EC7AC27FE}.Release|Any CPU.ActiveCfg = Release|Any CPU
		{92C94277-3B37-41E4-95CA-840EC7AC27FE}.Release|Any CPU.Build.0 = Release|Any CPU
	EndGlobalSection
	GlobalSection(SolutionProperties) = preSolution
		HideSolutionNode = FALSE
	EndGlobalSection
	GlobalSection(ExtensibilityGlobals) = postSolution
		SolutionGuid = {F879CC8A-2AD2-4D1E-B869-F2053F874D7C}
	EndGlobalSection
EndGlobal
