
Microsoft Visual Studio Solution File, Format Version 12.00
# Visual Studio Version 17
VisualStudioVersion = 17.14.36327.8 d17.14
MinimumVisualStudioVersion = 10.0.40219.1
Project("{FAE04EC0-301F-11D3-BF4B-00C04F79EFBC}") = "WebFormsAjaxCrud", "CrudUsingAjax\WebFormsAjaxCrud.csproj", "{74E517B8-4C50-4979-873D-C4B90AF8C9FA}"
EndProject
Global
	GlobalSection(SolutionConfigurationPlatforms) = preSolution
		Debug|Any CPU = Debug|Any CPU
		Release|Any CPU = Release|Any CPU
	EndGlobalSection
	GlobalSection(ProjectConfigurationPlatforms) = postSolution
		{74E517B8-4C50-4979-873D-C4B90AF8C9FA}.Debug|Any CPU.ActiveCfg = Debug|Any CPU
		{74E517B8-4C50-4979-873D-C4B90AF8C9FA}.Debug|Any CPU.Build.0 = Debug|Any CPU
		{74E517B8-4C50-4979-873D-C4B90AF8C9FA}.Release|Any CPU.ActiveCfg = Release|Any CPU
		{74E517B8-4C50-4979-873D-C4B90AF8C9FA}.Release|Any CPU.Build.0 = Release|Any CPU
	EndGlobalSection
	GlobalSection(SolutionProperties) = preSolution
		HideSolutionNode = FALSE
	EndGlobalSection
	GlobalSection(ExtensibilityGlobals) = postSolution
		SolutionGuid = {37B7EACD-BF8E-41B8-A90F-707F58DEE2F0}
	EndGlobalSection
EndGlobal
